
Microsoft Visual Studio Solution File, Format Version 12.00
# Visual Studio Version 17
VisualStudioVersion = 17.14.36511.14
MinimumVisualStudioVersion = 10.0.40219.1
Project("{FAE04EC0-301F-11D3-BF4B-00C04F79EFBC}") = "Abstracciones", "Abstracciones\Abstracciones.csproj", "{BEA0B315-F45A-4A86-97DA-C33BAC564AF9}"
EndProject
Project("{FAE04EC0-301F-11D3-BF4B-00C04F79EFBC}") = "Web", "Web\Web.csproj", "{DF3656BE-C60C-4539-87E3-FC7F2397AF77}"
EndProject
Project("{FAE04EC0-301F-11D3-BF4B-00C04F79EFBC}") = "Reglas", "Reglas\Reglas.csproj", "{700581CA-F4EC-495A-A221-618790D29430}"
EndProject
Global
	GlobalSection(SolutionConfigurationPlatforms) = preSolution
		Debug|Any CPU = Debug|Any CPU
		Release|Any CPU = Release|Any CPU
	EndGlobalSection
	GlobalSection(ProjectConfigurationPlatforms) = postSolution
		{BEA0B315-F45A-4A86-97DA-C33BAC564AF9}.Debug|Any CPU.ActiveCfg = Debug|Any CPU
		{BEA0B315-F45A-4A86-97DA-C33BAC564AF9}.Debug|Any CPU.Build.0 = Debug|Any CPU
		{BEA0B315-F45A-4A86-97DA-C33BAC564AF9}.Release|Any CPU.ActiveCfg = Release|Any CPU
		{BEA0B315-F45A-4A86-97DA-C33BAC564AF9}.Release|Any CPU.Build.0 = Release|Any CPU
		{DF3656BE-C60C-4539-87E3-FC7F2397AF77}.Debug|Any CPU.ActiveCfg = Debug|Any CPU
		{DF3656BE-C60C-4539-87E3-FC7F2397AF77}.Debug|Any CPU.Build.0 = Debug|Any CPU
		{DF3656BE-C60C-4539-87E3-FC7F2397AF77}.Release|Any CPU.ActiveCfg = Release|Any CPU
		{DF3656BE-C60C-4539-87E3-FC7F2397AF77}.Release|Any CPU.Build.0 = Release|Any CPU
		{700581CA-F4EC-495A-A221-618790D29430}.Debug|Any CPU.ActiveCfg = Debug|Any CPU
		{700581CA-F4EC-495A-A221-618790D29430}.Debug|Any CPU.Build.0 = Debug|Any CPU
		{700581CA-F4EC-495A-A221-618790D29430}.Release|Any CPU.ActiveCfg = Release|Any CPU
		{700581CA-F4EC-495A-A221-618790D29430}.Release|Any CPU.Build.0 = Release|Any CPU
	EndGlobalSection
	GlobalSection(SolutionProperties) = preSolution
		HideSolutionNode = FALSE
	EndGlobalSection
	GlobalSection(ExtensibilityGlobals) = postSolution
		SolutionGuid = {A9EDF191-6A68-4356-9776-39143543F7AF}
	EndGlobalSection
EndGlobal
